lockfileVersion: '9.0'

settings:
  autoInstallPeers: true
  excludeLinksFromLockfile: false

importers:

  .:
    devDependencies:
      '@types/mapbox-gl':
        specifier: ^3.4.1
        version: 3.4.1

packages:

  '@types/geojson@7946.0.16':
    resolution: {integrity: sha512-6C8nqWur3j98U6+lXDfTUWIfgvZU+EumvpHKcYjujKH7woYyLj2sUmff0tRhrqM7BohUw7Pz3ZB1jj2gW9Fvmg==}

  '@types/mapbox-gl@3.4.1':
    resolution: {integrity: sha512-NsGKKtgW93B+UaLPti6B7NwlxYlES5DpV5Gzj9F75rK5ALKsqSk15CiEHbOnTr09RGbr6ZYiCdI+59NNNcAImg==}

snapshots:

  '@types/geojson@7946.0.16': {}

  '@types/mapbox-gl@3.4.1':
    dependencies:
      '@types/geojson': 7946.0.16
